Microsoft Visual Studio Solution File, Format Version 12.00
# Visual Studio Version 17
VisualStudioVersion = 17.0.31611.283
MinimumVisualStudioVersion = 10.0.40219.1
Project("{9A19103F-16F7-4668-BE54-9A1E7A4F7556}") = "mbaCrixalis", "mbaCrixalis\mbaCrixalis.csproj", "{F23DAA2C-7740-40C2-B5BE-38B0594EA5EF}"
EndProject
Project("{FAE04EC0-301F-11D3-BF4B-00C04F79EFBC}") = "bwaCrixalis.Server", "bwaCrixalis\Server\bwaCrixalis.Server.csproj", "{C0A45D0C-FA55-4469-BE0C-84EB8F98DE0A}"
EndProject
Project("{FAE04EC0-301F-11D3-BF4B-00C04F79EFBC}") = "bwaCrixalis.Client", "bwaCrixalis\Client\bwaCrixalis.Client.csproj", "{2EFB3795-0FE4-4CC6-B84B-F00CF55CB915}"
EndProject
Project("{FAE04EC0-301F-11D3-BF4B-00C04F79EFBC}") = "bwaCrixalis.Shared", "bwaCrixalis\Shared\bwaCrixalis.Shared.csproj", "{39999C21-030D-40A2-8E1B-26576D969F12}"
EndProject
Global
	GlobalSection(SolutionConfigurationPlatforms) = preSolution
		Debug|Any CPU = Debug|Any CPU
		Release|Any CPU = Release|Any CPU
	EndGlobalSection
	GlobalSection(ProjectConfigurationPlatforms) = postSolution
		{F23DAA2C-7740-40C2-B5BE-38B0594EA5EF}.Debug|Any CPU.ActiveCfg = Debug|Any CPU
		{F23DAA2C-7740-40C2-B5BE-38B0594EA5EF}.Debug|Any CPU.Build.0 = Debug|Any CPU
		{F23DAA2C-7740-40C2-B5BE-38B0594EA5EF}.Debug|Any CPU.Deploy.0 = Debug|Any CPU
		{F23DAA2C-7740-40C2-B5BE-38B0594EA5EF}.Release|Any CPU.ActiveCfg = Release|Any CPU
		{F23DAA2C-7740-40C2-B5BE-38B0594EA5EF}.Release|Any CPU.Build.0 = Release|Any CPU
		{F23DAA2C-7740-40C2-B5BE-38B0594EA5EF}.Release|Any CPU.Deploy.0 = Release|Any CPU
		{C0A45D0C-FA55-4469-BE0C-84EB8F98DE0A}.Debug|Any CPU.ActiveCfg = Debug|Any CPU
		{C0A45D0C-FA55-4469-BE0C-84EB8F98DE0A}.Debug|Any CPU.Build.0 = Debug|Any CPU
		{C0A45D0C-FA55-4469-BE0C-84EB8F98DE0A}.Release|Any CPU.ActiveCfg = Release|Any CPU
		{C0A45D0C-FA55-4469-BE0C-84EB8F98DE0A}.Release|Any CPU.Build.0 = Release|Any CPU
		{2EFB3795-0FE4-4CC6-B84B-F00CF55CB915}.Debug|Any CPU.ActiveCfg = Debug|Any CPU
		{2EFB3795-0FE4-4CC6-B84B-F00CF55CB915}.Debug|Any CPU.Build.0 = Debug|Any CPU
		{2EFB3795-0FE4-4CC6-B84B-F00CF55CB915}.Release|Any CPU.ActiveCfg = Release|Any CPU
		{2EFB3795-0FE4-4CC6-B84B-F00CF55CB915}.Release|Any CPU.Build.0 = Release|Any CPU
		{39999C21-030D-40A2-8E1B-26576D969F12}.Debug|Any CPU.ActiveCfg = Debug|Any CPU
		{39999C21-030D-40A2-8E1B-26576D969F12}.Debug|Any CPU.Build.0 = Debug|Any CPU
		{39999C21-030D-40A2-8E1B-26576D969F12}.Release|Any CPU.ActiveCfg = Release|Any CPU
		{39999C21-030D-40A2-8E1B-26576D969F12}.Release|Any CPU.Build.0 = Release|Any CPU
	EndGlobalSection
	GlobalSection(SolutionProperties) = preSolution
		HideSolutionNode = FALSE
	EndGlobalSection
	GlobalSection(ExtensibilityGlobals) = postSolution
		SolutionGuid = {61F7FB11-1E47-470C-91E2-47F8143E1572}
	EndGlobalSection
EndGlobal
